// !$*UTF8*$!
{
	archiveVersion = 1;
	classes = {
	};
	objectVersion = 46;
	objects = {

/* Begin PBXBuildFile section */
		F341B0DC1E9047A8007AB0BF /* AppDelegate.swift in Sources */ = {isa = PBXBuildFile; fileRef = F341B0DB1E9047A8007AB0BF /* AppDelegate.swift */; };
		F341B0DE1E9047A8007AB0BF /* ViewController.swift in Sources */ = {isa = PBXBuildFile; fileRef = F341B0DD1E9047A8007AB0BF /* ViewController.swift */; };
		F341B0E11E9047A8007AB0BF /* Main.storyboard in Resources */ = {isa = PBXBuildFile; fileRef = F341B0DF1E9047A8007AB0BF /* Main.storyboard */; };
		F341B0E31E9047A8007AB0BF /* Assets.xcassets in Resources */ = {isa = PBXBuildFile; fileRef = F341B0E21E9047A8007AB0BF /* Assets.xcassets */; };
		F341B0E61E9047A8007AB0BF /* LaunchScreen.storyboard in Resources */ = {isa = PBXBuildFile; fileRef = F341B0E41E9047A8007AB0BF /* LaunchScreen.storyboard */; };
		F341B0F11E9047A8007AB0BF /* kaisekiTests.swift in Sources */ = {isa = PBXBuildFile; fileRef = F341B0F01E9047A8007AB0BF /* kaisekiTests.swift */; };
		F341B0FC1E9047A8007AB0BF /* kaisekiUITests.swift in Sources */ = {isa = PBXBuildFile; fileRef = F341B0FB1E9047A8007AB0BF /* kaisekiUITests.swift */; };
/* End PBXBuildFile section */

/* Begin PBXContainerItemProxy section */
		F341B0ED1E9047A8007AB0BF /* PBXContainerItemProxy */ = {
			isa = PBXContainerItemProxy;
			containerPortal = F341B0D01E9047A8007AB0BF /* Project object */;
			proxyType = 1;
			remoteGlobalIDString = F341B0D71E9047A8007AB0BF;
			remoteInfo = kaiseki;
		};
		F341B0F81E9047A8007AB0BF /* PBXContainerItemProxy */ = {
			isa = PBXContainerItemProxy;
			containerPortal = F341B0D01E9047A8007AB0BF /* Project object */;
			proxyType = 1;
			remoteGlobalIDString = F341B0D71E9047A8007AB0BF;
			remoteInfo = kaiseki;
		};
/* End PBXContainerItemProxy section */

/* Begin PBXFileReference section */
		F341B0D81E9047A8007AB0BF /* kaiseki.app */ = {isa = PBXFileReference; explicitFileType = wrapper.application; includeInIndex = 0; path = kaiseki.app; sourceTree = BUILT_PRODUCTS_DIR; };
		F341B0DB1E9047A8007AB0BF /* AppDelegate.swift */ = {isa = PBXFileReference; lastKnownFileType = sourcecode.swift; path = AppDelegate.swift; sourceTree = "<group>"; };
		F341B0DD1E9047A8007AB0BF /* ViewController.swift */ = {isa = PBXFileReference; lastKnownFileType = sourcecode.swift; path = ViewController.swift; sourceTree = "<group>"; };
		F341B0E01E9047A8007AB0BF /* Base */ = {isa = PBXFileReference; lastKnownFileType = file.storyboard; name = Base; path = Base.lproj/Main.storyboard; sourceTree = "<group>"; };
		F341B0E21E9047A8007AB0BF /* Assets.xcassets */ = {isa = PBXFileReference; lastKnownFileType = folder.assetcatalog; path = Assets.xcassets; sourceTree = "<group>"; };
		F341B0E51E9047A8007AB0BF /* Base */ = {isa = PBXFileReference; lastKnownFileType = file.storyboard; name = Base; path = Base.lproj/LaunchScreen.storyboard; sourceTree = "<group>"; };
		F341B0E71E9047A8007AB0BF /* Info.plist */ = {isa = PBXFileReference; lastKnownFileType = text.plist.xml; path = Info.plist; sourceTree = "<group>"; };
		F341B0EC1E9047A8007AB0BF /* kaisekiTests.xctest */ = {isa = PBXFileReference; explicitFileType = wrapper.cfbundle; includeInIndex = 0; path = kaisekiTests.xctest; sourceTree = BUILT_PRODUCTS_DIR; };
		F341B0F01E9047A8007AB0BF /* kaisekiTests.swift */ = {isa = PBXFileReference; lastKnownFileType = sourcecode.swift; path = kaisekiTests.swift; sourceTree = "<group>"; };
		F341B0F21E9047A8007AB0BF /* Info.plist */ = {isa = PBXFileReference; lastKnownFileType = text.plist.xml; path = Info.plist; sourceTree = "<group>"; };
		F341B0F71E9047A8007AB0BF /* kaisekiUITests.xctest */ = {isa = PBXFileReference; explicitFileType = wrapper.cfbundle; includeInIndex = 0; path = kaisekiUITests.xctest; sourceTree = BUILT_PRODUCTS_DIR; };
		F341B0FB1E9047A8007AB0BF /* kaisekiUITests.swift */ = {isa = PBXFileReference; lastKnownFileType = sourcecode.swift; path = kaisekiUITests.swift; sourceTree = "<group>"; };
		F341B0FD1E9047A8007AB0BF /* Info.plist */ = {isa = PBXFileReference; lastKnownFileType = text.plist.xml; path = Info.plist; sourceTree = "<group>"; };
/* End PBXFileReference section */

/* Begin PBXFrameworksBuildPhase section */
		F341B0D51E9047A8007AB0BF /* Frameworks */ = {
			isa = PBXFrameworksBuildPhase;
			buildActionMask = 2147483647;
			files = (
			);
			runOnlyForDeploymentPostprocessing = 0;
		};
		F341B0E91E9047A8007AB0BF /* Frameworks */ = {
			isa = PBXFrameworksBuildPhase;
			buildActionMask = 2147483647;
			files = (
			);
			runOnlyForDeploymentPostprocessing = 0;
		};
		F341B0F41E9047A8007AB0BF /* Frameworks */ = {
			isa = PBXFrameworksBuildPhase;
			buildActionMask = 2147483647;
			files = (
			);
			runOnlyForDeploymentPostprocessing = 0;
		};
/* End PBXFrameworksBuildPhase section */

/* Begin PBXGroup section */
		F341B0CF1E9047A8007AB0BF = {
			isa = PBXGroup;
			children = (
				F341B0DA1E9047A8007AB0BF /* kaiseki */,
				F341B0EF1E9047A8007AB0BF /* kaisekiTests */,
				F341B0FA1E9047A8007AB0BF /* kaisekiUITests */,
				F341B0D91E9047A8007AB0BF /* Products */,
			);
			sourceTree = "<group>";
		};
		F341B0D91E9047A8007AB0BF /* Products */ = {
			isa = PBXGroup;
			children = (
				F341B0D81E9047A8007AB0BF /* kaiseki.app */,
				F341B0EC1E9047A8007AB0BF /* kaisekiTests.xctest */,
				F341B0F71E9047A8007AB0BF /* kaisekiUITests.xctest */,
			);
			name = Products;
			sourceTree = "<group>";
		};
		F341B0DA1E9047A8007AB0BF /* kaiseki */ = {
			isa = PBXGroup;
			children = (
				F341B0DB1E9047A8007AB0BF /* AppDelegate.swift */,
				F341B0DD1E9047A8007AB0BF /* ViewController.swift */,
				F341B0DF1E9047A8007AB0BF /* Main.storyboard */,
				F341B0E21E9047A8007AB0BF /* Assets.xcassets */,
				F341B0E41E9047A8007AB0BF /* LaunchScreen.storyboard */,
				F341B0E71E9047A8007AB0BF /* Info.plist */,
			);
			path = kaiseki;
			sourceTree = "<group>";
		};
		F341B0EF1E9047A8007AB0BF /* kaisekiTests */ = {
			isa = PBXGroup;
			children = (
				F341B0F01E9047A8007AB0BF /* kaisekiTests.swift */,
				F341B0F21E9047A8007AB0BF /* Info.plist */,
			);
			path = kaisekiTests;
			sourceTree = "<group>";
		};
		F341B0FA1E9047A8007AB0BF /* kaisekiUITests */ = {
			isa = PBXGroup;
			children = (
				F341B0FB1E9047A8007AB0BF /* kaisekiUITests.swift */,
				F341B0FD1E9047A8007AB0BF /* Info.plist */,
			);
			path = kaisekiUITests;
			sourceTree = "<group>";
		};
/* End PBXGroup section */

/* Begin PBXNativeTarget section */
		F341B0D71E9047A8007AB0BF /* kaiseki */ = {
			isa = PBXNativeTarget;
			buildConfigurationList = F341B1001E9047A8007AB0BF /* Build configuration list for PBXNativeTarget "kaiseki" */;
			buildPhases = (
				F341B0D41E9047A8007AB0BF /* Sources */,
				F341B0D51E9047A8007AB0BF /* Frameworks */,
				F341B0D61E9047A8007AB0BF /* Resources */,
			);
			buildRules = (
			);
			dependencies = (
			);
			name = kaiseki;
			productName = kaiseki;
			productReference = F341B0D81E9047A8007AB0BF /* kaiseki.app */;
			productType = "com.apple.product-type.application";
		};
		F341B0EB1E9047A8007AB0BF /* kaisekiTests */ = {
			isa = PBXNativeTarget;
			buildConfigurationList = F341B1031E9047A8007AB0BF /* Build configuration list for PBXNativeTarget "kaisekiTests" */;
			buildPhases = (
				F341B0E81E9047A8007AB0BF /* Sources */,
				F341B0E91E9047A8007AB0BF /* Frameworks */,
				F341B0EA1E9047A8007AB0BF /* Resources */,
			);
			buildRules = (
			);
			dependencies = (
				F341B0EE1E9047A8007AB0BF /* PBXTargetDependency */,
			);
			name = kaisekiTests;
			productName = kaisekiTests;
			productReference = F341B0EC1E9047A8007AB0BF /* kaisekiTests.xctest */;
			productType = "com.apple.product-type.bundle.unit-test";
		};
		F341B0F61E9047A8007AB0BF /* kaisekiUITests */ = {
			isa = PBXNativeTarget;
			buildConfigurationList = F341B1061E9047A8007AB0BF /* Build configuration list for PBXNativeTarget "kaisekiUITests" */;
			buildPhases = (
				F341B0F31E9047A8007AB0BF /* Sources */,
				F341B0F41E9047A8007AB0BF /* Frameworks */,
				F341B0F51E9047A8007AB0BF /* Resources */,
			);
			buildRules = (
			);
			dependencies = (
				F341B0F91E9047A8007AB0BF /* PBXTargetDependency */,
			);
			name = kaisekiUITests;
			productName = kaisekiUITests;
			productReference = F341B0F71E9047A8007AB0BF /* kaisekiUITests.xctest */;
			productType = "com.apple.product-type.bundle.ui-testing";
		};
/* End PBXNativeTarget section */

/* Begin PBXProject section */
		F341B0D01E9047A8007AB0BF /* Project object */ = {
			isa = PBXProject;
			attributes = {
				LastSwiftUpdateCheck = 0830;
				LastUpgradeCheck = 0830;
				ORGANIZATIONNAME = "Ed Chao";
				TargetAttributes = {
					F341B0D71E9047A8007AB0BF = {
						CreatedOnToolsVersion = 8.3;
						ProvisioningStyle = Automatic;
					};
					F341B0EB1E9047A8007AB0BF = {
						CreatedOnToolsVersion = 8.3;
						ProvisioningStyle = Automatic;
						TestTargetID = F341B0D71E9047A8007AB0BF;
					};
					F341B0F61E9047A8007AB0BF = {
						CreatedOnToolsVersion = 8.3;
						ProvisioningStyle = Automatic;
						TestTargetID = F341B0D71E9047A8007AB0BF;
					};
				};
			};
			buildConfigurationList = F341B0D31E9047A8007AB0BF /* Build configuration list for PBXProject "kaiseki" */;
			compatibilityVersion = "Xcode 3.2";
			developmentRegion = English;
			hasScannedForEncodings = 0;
			knownRegions = (
				en,
				Base,
			);
			mainGroup = F341B0CF1E9047A8007AB0BF;
			productRefGroup = F341B0D91E9047A8007AB0BF /* Products */;
			projectDirPath = "";
			projectRoot = "";
			targets = (
				F341B0D71E9047A8007AB0BF /* kaiseki */,
				F341B0EB1E9047A8007AB0BF /* kaisekiTests */,
				F341B0F61E9047A8007AB0BF /* kaisekiUITests */,
			);
		};
/* End PBXProject section */

/* Begin PBXResourcesBuildPhase section */
		F341B0D61E9047A8007AB0BF /* Resources */ = {
			isa = PBXResourcesBuildPhase;
			buildActionMask = 2147483647;
			files = (
				F341B0E61E9047A8007AB0BF /* LaunchScreen.storyboard in Resources */,
				F341B0E31E9047A8007AB0BF /* Assets.xcassets in Resources */,
				F341B0E11E9047A8007AB0BF /* Main.storyboard in Resources */,
			);
			runOnlyForDeploymentPostprocessing = 0;
		};
		F341B0EA1E9047A8007AB0BF /* Resources */ = {
			isa = PBXResourcesBuildPhase;
			buildActionMask = 2147483647;
			files = (
			);
			runOnlyForDeploymentPostprocessing = 0;
		};
		F341B0F51E9047A8007AB0BF /* Resources */ = {
			isa = PBXResourcesBuildPhase;
			buildActionMask = 2147483647;
			files = (
			);
			runOnlyForDeploymentPostprocessing = 0;
		};
/* End PBXResourcesBuildPhase section */

/* Begin PBXSourcesBuildPhase section */
		F341B0D41E9047A8007AB0BF /* Sources */ = {
			isa = PBXSourcesBuildPhase;
			buildActionMask = 2147483647;
			files = (
				F341B0DE1E9047A8007AB0BF /* ViewController.swift in Sources */,
				F341B0DC1E9047A8007AB0BF /* AppDelegate.swift in Sources */,
			);
			runOnlyForDeploymentPostprocessing = 0;
		};
		F341B0E81E9047A8007AB0BF /* Sources */ = {
			isa = PBXSourcesBuildPhase;
			buildActionMask = 2147483647;
			files = (
				F341B0F11E9047A8007AB0BF /* kaisekiTests.swift in Sources */,
			);
			runOnlyForDeploymentPostprocessing = 0;
		};
		F341B0F31E9047A8007AB0BF /* Sources */ = {
			isa = PBXSourcesBuildPhase;
			buildActionMask = 2147483647;
			files = (
				F341B0FC1E9047A8007AB0BF /* kaisekiUITests.swift in Sources */,
			);
			runOnlyForDeploymentPostprocessing = 0;
		};
/* End PBXSourcesBuildPhase section */

/* Begin PBXTargetDependency section */
		F341B0EE1E9047A8007AB0BF /* PBXTargetDependency */ = {
			isa = PBXTargetDependency;
			target = F341B0D71E9047A8007AB0BF /* kaiseki */;
			targetProxy = F341B0ED1E9047A8007AB0BF /* PBXContainerItemProxy */;
		};
		F341B0F91E9047A8007AB0BF /* PBXTargetDependency */ = {
			isa = PBXTargetDependency;
			target = F341B0D71E9047A8007AB0BF /* kaiseki */;
			targetProxy = F341B0F81E9047A8007AB0BF /* PBXContainerItemProxy */;
		};
/* End PBXTargetDependency section */

/* Begin PBXVariantGroup section */
		F341B0DF1E9047A8007AB0BF /* Main.storyboard */ = {
			isa = PBXVariantGroup;
			children = (
				F341B0E01E9047A8007AB0BF /* Base */,
			);
			name = Main.storyboard;
			sourceTree = "<group>";
		};
		F341B0E41E9047A8007AB0BF /* LaunchScreen.storyboard */ = {
			isa = PBXVariantGroup;
			children = (
				F341B0E51E9047A8007AB0BF /* Base */,
			);
			name = LaunchScreen.storyboard;
			sourceTree = "<group>";
		};
/* End PBXVariantGroup section */

/* Begin XCBuildConfiguration section */
		F341B0FE1E9047A8007AB0BF /* Debug */ = {
			isa = XCBuildConfiguration;
			buildSettings = {
				ALWAYS_SEARCH_USER_PATHS = NO;
				CLANG_ANALYZER_NONNULL = YES;
				CLANG_ANALYZER_NUMBER_OBJECT_CONVERSION = YES_AGGRESSIVE;
				CLANG_CXX_LANGUAGE_STANDARD = "gnu++0x";
				CLANG_CXX_LIBRARY = "libc++";
				CLANG_ENABLE_MODULES = YES;
				CLANG_ENABLE_OBJC_ARC = YES;
				CLANG_WARN_BOOL_CONVERSION = YES;
				CLANG_WARN_CONSTANT_CONVERSION = YES;
				CLANG_WARN_DIRECT_OBJC_ISA_USAGE = YES_ERROR;
				CLANG_WARN_DOCUMENTATION_COMMENTS = YES;
				CLANG_WARN_EMPTY_BODY = YES;
				CLANG_WARN_ENUM_CONVERSION = YES;
				CLANG_WARN_INFINITE_RECURSION = YES;
				CLANG_WARN_INT_CONVERSION = YES;
				CLANG_WARN_OBJC_ROOT_CLASS = YES_ERROR;
				CLANG_WARN_SUSPICIOUS_MOVE = YES;
				CLANG_WARN_UNREACHABLE_CODE = YES;
				CLANG_WARN__DUPLICATE_METHOD_MATCH = YES;
				"CODE_SIGN_IDENTITY[sdk=iphoneos*]" = "iPhone Developer";
				COPY_PHASE_STRIP = NO;
				DEBUG_INFORMATION_FORMAT = dwarf;
				ENABLE_STRICT_OBJC_MSGSEND = YES;
				ENABLE_TESTABILITY = YES;
				GCC_C_LANGUAGE_STANDARD = gnu99;
				GCC_DYNAMIC_NO_PIC = NO;
				GCC_NO_COMMON_BLOCKS = YES;
				GCC_OPTIMIZATION_LEVEL = 0;
				GCC_PREPROCESSOR_DEFINITIONS = (
					"DEBUG=1",
					"$(inherited)",
				);
				GCC_WARN_64_TO_32_BIT_CONVERSION = YES;
				GCC_WARN_ABOUT_RETURN_TYPE = YES_ERROR;
				GCC_WARN_UNDECLARED_SELECTOR = YES;
				GCC_WARN_UNINITIALIZED_AUTOS = YES_AGGRESSIVE;
				GCC_WARN_UNUSED_FUNCTION = YES;
				GCC_WARN_UNUSED_VARIABLE = YES;
				IPHONEOS_DEPLOYMENT_TARGET = 10.3;
				MTL_ENABLE_DEBUG_INFO = YES;
				ONLY_ACTIVE_ARCH = YES;
				SDKROOT = iphoneos;
				SWIFT_ACTIVE_COMPILATION_CONDITIONS = DEBUG;
				SWIFT_OPTIMIZATION_LEVEL = "-Onone";
				TARGETED_DEVICE_FAMILY = "1,2";
			};
			name = Debug;
		};
		F341B0FF1E9047A8007AB0BF /* Release */ = {
			isa = XCBuildConfiguration;
			buildSettings = {
				ALWAYS_SEARCH_USER_PATHS = NO;
				CLANG_ANALYZER_NONNULL = YES;
				CLANG_ANALYZER_NUMBER_OBJECT_CONVERSION = YES_AGGRESSIVE;
				CLANG_CXX_LANGUAGE_STANDARD = "gnu++0x";
				CLANG_CXX_LIBRARY = "libc++";
				CLANG_ENABLE_MODULES = YES;
				CLANG_ENABLE_OBJC_ARC = YES;
				CLANG_WARN_BOOL_CONVERSION = YES;
				CLANG_WARN_CONSTANT_CONVERSION = YES;
				CLANG_WARN_DIRECT_OBJC_ISA_USAGE = YES_ERROR;
				CLANG_WARN_DOCUMENTATION_COMMENTS = YES;
				CLANG_WARN_EMPTY_BODY = YES;
				CLANG_WARN_ENUM_CONVERSION = YES;
				CLANG_WARN_INFINITE_RECURSION = YES;
				CLANG_WARN_INT_CONVERSION = YES;
				CLANG_WARN_OBJC_ROOT_CLASS = YES_ERROR;
				CLANG_WARN_SUSPICIOUS_MOVE = YES;
				CLANG_WARN_UNREACHABLE_CODE = YES;
				CLANG_WARN__DUPLICATE_METHOD_MATCH = YES;
				"CODE_SIGN_IDENTITY[sdk=iphoneos*]" = "iPhone Developer";
				COPY_PHASE_STRIP = NO;
				DEBUG_INFORMATION_FORMAT = "dwarf-with-dsym";
				ENABLE_NS_ASSERTIONS = NO;
				ENABLE_STRICT_OBJC_MSGSEND = YES;
				GCC_C_LANGUAGE_STANDARD = gnu99;
				GCC_NO_COMMON_BLOCKS = YES;
				GCC_WARN_64_TO_32_BIT_CONVERSION = YES;
				GCC_WARN_ABOUT_RETURN_TYPE = YES_ERROR;
				GCC_WARN_UNDECLARED_SELECTOR = YES;
				GCC_WARN_UNINITIALIZED_AUTOS = YES_AGGRESSIVE;
				GCC_WARN_UNUSED_FUNCTION = YES;
				GCC_WARN_UNUSED_VARIABLE = YES;
				IPHONEOS_DEPLOYMENT_TARGET = 10.3;
				MTL_ENABLE_DEBUG_INFO = NO;
				SDKROOT = iphoneos;
				SWIFT_OPTIMIZATION_LEVEL = "-Owholemodule";
				TARGETED_DEVICE_FAMILY = "1,2";
				VALIDATE_PRODUCT = YES;
			};
			name = Release;
		};
		F341B1011E9047A8007AB0BF /* Debug */ = {
			isa = XCBuildConfiguration;
			buildSettings = {
				ASSETCATALOG_COMPILER_APPICON_NAME = AppIcon;
				INFOPLIST_FILE = kaiseki/Info.plist;
				LD_RUNPATH_SEARCH_PATHS = "$(inherited) @executable_path/Frameworks";
				PRODUCT_BUNDLE_IDENTIFIER = com.edchao.kaiseki;
				PRODUCT_NAME = "$(TARGET_NAME)";
				SWIFT_VERSION = 3.0;
			};
			name = Debug;
		};
		F341B1021E9047A8007AB0BF /* Release */ = {
			isa = XCBuildConfiguration;
			buildSettings = {
				ASSETCATALOG_COMPILER_APPICON_NAME = AppIcon;
				INFOPLIST_FILE = kaiseki/Info.plist;
				LD_RUNPATH_SEARCH_PATHS = "$(inherited) @executable_path/Frameworks";
				PRODUCT_BUNDLE_IDENTIFIER = com.edchao.kaiseki;
				PRODUCT_NAME = "$(TARGET_NAME)";
				SWIFT_VERSION = 3.0;
			};
			name = Release;
		};
		F341B1041E9047A8007AB0BF /* Debug */ = {
			isa = XCBuildConfiguration;
			buildSettings = {
				ALWAYS_EMBED_SWIFT_STANDARD_LIBRARIES = YES;
				BUNDLE_LOADER = "$(TEST_HOST)";
				INFOPLIST_FILE = kaisekiTests/Info.plist;
				LD_RUNPATH_SEARCH_PATHS = "$(inherited) @executable_path/Frameworks @loader_path/Frameworks";
				PRODUCT_BUNDLE_IDENTIFIER = com.edchao.kaisekiTests;
				PRODUCT_NAME = "$(TARGET_NAME)";
				SWIFT_VERSION = 3.0;
				TEST_HOST = "$(BUILT_PRODUCTS_DIR)/kaiseki.app/kaiseki";
			};
			name = Debug;
		};
		F341B1051E9047A8007AB0BF /* Release */ = {
			isa = XCBuildConfiguration;
			buildSettings = {
				ALWAYS_EMBED_SWIFT_STANDARD_LIBRARIES = YES;
				BUNDLE_LOADER = "$(TEST_HOST)";
				INFOPLIST_FILE = kaisekiTests/Info.plist;
				LD_RUNPATH_SEARCH_PATHS = "$(inherited) @executable_path/Frameworks @loader_path/Frameworks";
				PRODUCT_BUNDLE_IDENTIFIER = com.edchao.kaisekiTests;
				PRODUCT_NAME = "$(TARGET_NAME)";
				SWIFT_VERSION = 3.0;
				TEST_HOST = "$(BUILT_PRODUCTS_DIR)/kaiseki.app/kaiseki";
			};
			name = Release;
		};
		F341B1071E9047A8007AB0BF /* Debug */ = {
			isa = XCBuildConfiguration;
			buildSettings = {
				ALWAYS_EMBED_SWIFT_STANDARD_LIBRARIES = YES;
				INFOPLIST_FILE = kaisekiUITests/Info.plist;
				LD_RUNPATH_SEARCH_PATHS = "$(inherited) @executable_path/Frameworks @loader_path/Frameworks";
				PRODUCT_BUNDLE_IDENTIFIER = com.edchao.kaisekiUITests;
				PRODUCT_NAME = "$(TARGET_NAME)";
				SWIFT_VERSION = 3.0;
				TEST_TARGET_NAME = kaiseki;
			};
			name = Debug;
		};
		F341B1081E9047A8007AB0BF /* Release */ = {
			isa = XCBuildConfiguration;
			buildSettings = {
				ALWAYS_EMBED_SWIFT_STANDARD_LIBRARIES = YES;
				INFOPLIST_FILE = kaisekiUITests/Info.plist;
				LD_RUNPATH_SEARCH_PATHS = "$(inherited) @executable_path/Frameworks @loader_path/Frameworks";
				PRODUCT_BUNDLE_IDENTIFIER = com.edchao.kaisekiUITests;
				PRODUCT_NAME = "$(TARGET_NAME)";
				SWIFT_VERSION = 3.0;
				TEST_TARGET_NAME = kaiseki;
			};
			name = Release;
		};
/* End XCBuildConfiguration section */

/* Begin XCConfigurationList section */
		F341B0D31E9047A8007AB0BF /* Build configuration list for PBXProject "kaiseki" */ = {
			isa = XCConfigurationList;
			buildConfigurations = (
				F341B0FE1E9047A8007AB0BF /* Debug */,
				F341B0FF1E9047A8007AB0BF /* Release */,
			);
			defaultConfigurationIsVisible = 0;
			defaultConfigurationName = Release;
		};
		F341B1001E9047A8007AB0BF /* Build configuration list for PBXNativeTarget "kaiseki" */ = {
			isa = XCConfigurationList;
			buildConfigurations = (
				F341B1011E9047A8007AB0BF /* Debug */,
				F341B1021E9047A8007AB0BF /* Release */,
			);
			defaultConfigurationIsVisible = 0;
		};
		F341B1031E9047A8007AB0BF /* Build configuration list for PBXNativeTarget "kaisekiTests" */ = {
			isa = XCConfigurationList;
			buildConfigurations = (
				F341B1041E9047A8007AB0BF /* Debug */,
				F341B1051E9047A8007AB0BF /* Release */,
			);
			defaultConfigurationIsVisible = 0;
		};
		F341B1061E9047A8007AB0BF /* Build configuration list for PBXNativeTarget "kaisekiUITests" */ = {
			isa = XCConfigurationList;
			buildConfigurations = (
				F341B1071E9047A8007AB0BF /* Debug */,
				F341B1081E9047A8007AB0BF /* Release */,
			);
			defaultConfigurationIsVisible = 0;
		};
/* End XCConfigurationList section */
	};
	rootObject = F341B0D01E9047A8007AB0BF /* Project object */;
}
