// !$*UTF8*$!
{
	archiveVersion = 1;
	classes = {
	};
	objectVersion = 46;
	objects = {

/* Begin PBXBuildFile section */
		0A029FF2F1E867912AD71618 /* Pods_kaisekiUITests.framework in Frameworks */ = {isa = PBXBuildFile; fileRef = 8A87A8495F841D5C00ED96C2 /* Pods_kaisekiUITests.framework */; };
		8782D0C1AC4B761ECA7868EE /* Pods_kaiseki.framework in Frameworks */ = {isa = PBXBuildFile; fileRef = CB4B2A31A1BEC13491C11F74 /* Pods_kaiseki.framework */; };
		BFBFAF2ED934A980505D26FE /* Pods_kaisekiTests.framework in Frameworks */ = {isa = PBXBuildFile; fileRef = 549E8ED6A44BA7C7F1FFD95B /* Pods_kaisekiTests.framework */; };
		F300C1A71EAC44AB00D58005 /* ThreadTableViewCell.swift in Sources */ = {isa = PBXBuildFile; fileRef = F300C1A51EAC44AB00D58005 /* ThreadTableViewCell.swift */; };
		F300C1A81EAC44AB00D58005 /* ThreadTableViewCell.xib in Resources */ = {isa = PBXBuildFile; fileRef = F300C1A61EAC44AB00D58005 /* ThreadTableViewCell.xib */; };
		F30F4C931EBE6FC7007F0800 /* TitleView.swift in Sources */ = {isa = PBXBuildFile; fileRef = F30F4C921EBE6FC7007F0800 /* TitleView.swift */; };
		F30F4C971EBE7007007F0800 /* TitleView.xib in Resources */ = {isa = PBXBuildFile; fileRef = F30F4C961EBE7007007F0800 /* TitleView.xib */; };
		F31AA7CE1EA434C9005DB6EE /* Thread.swift in Sources */ = {isa = PBXBuildFile; fileRef = F31AA7CD1EA434C9005DB6EE /* Thread.swift */; };
		F31AA7D01EA45AD9005DB6EE /* ThreadViewController.swift in Sources */ = {isa = PBXBuildFile; fileRef = F31AA7CF1EA45AD9005DB6EE /* ThreadViewController.swift */; };
		F341B0DC1E9047A8007AB0BF /* AppDelegate.swift in Sources */ = {isa = PBXBuildFile; fileRef = F341B0DB1E9047A8007AB0BF /* AppDelegate.swift */; };
		F341B0E31E9047A8007AB0BF /* Assets.xcassets in Resources */ = {isa = PBXBuildFile; fileRef = F341B0E21E9047A8007AB0BF /* Assets.xcassets */; };
		F341B0E61E9047A8007AB0BF /* LaunchScreen.storyboard in Resources */ = {isa = PBXBuildFile; fileRef = F341B0E41E9047A8007AB0BF /* LaunchScreen.storyboard */; };
		F341B0F11E9047A8007AB0BF /* kaisekiTests.swift in Sources */ = {isa = PBXBuildFile; fileRef = F341B0F01E9047A8007AB0BF /* kaisekiTests.swift */; };
		F341B0FC1E9047A8007AB0BF /* kaisekiUITests.swift in Sources */ = {isa = PBXBuildFile; fileRef = F341B0FB1E9047A8007AB0BF /* kaisekiUITests.swift */; };
		F341B10A1E9047B1007AB0BF /* GoogleService-Info.plist in Resources */ = {isa = PBXBuildFile; fileRef = F341B1091E9047B1007AB0BF /* GoogleService-Info.plist */; };
		F341B10C1E904C76007AB0BF /* HomeViewController.swift in Sources */ = {isa = PBXBuildFile; fileRef = F341B10B1E904C76007AB0BF /* HomeViewController.swift */; };
		F342EDE71E9B187E00A6C713 /* iCarousel.m in Sources */ = {isa = PBXBuildFile; fileRef = F342EDE61E9B187E00A6C713 /* iCarousel.m */; };
		F342EDEC1EA2C1C400A6C713 /* User.swift in Sources */ = {isa = PBXBuildFile; fileRef = F342EDEB1EA2C1C400A6C713 /* User.swift */; };
		F342EDEF1EA2C1EF00A6C713 /* Post.swift in Sources */ = {isa = PBXBuildFile; fileRef = F342EDEE1EA2C1EF00A6C713 /* Post.swift */; };
		F342EDF51EA2C9D700A6C713 /* CoverView.xib in Resources */ = {isa = PBXBuildFile; fileRef = F342EDF41EA2C9D700A6C713 /* CoverView.xib */; };
		F342EDF71EA2CA6D00A6C713 /* CoverView.swift in Sources */ = {isa = PBXBuildFile; fileRef = F342EDF61EA2CA6D00A6C713 /* CoverView.swift */; };
/* End PBXBuildFile section */

/* Begin PBXContainerItemProxy section */
		F341B0ED1E9047A8007AB0BF /* PBXContainerItemProxy */ = {
			isa = PBXContainerItemProxy;
			containerPortal = F341B0D01E9047A8007AB0BF /* Project object */;
			proxyType = 1;
			remoteGlobalIDString = F341B0D71E9047A8007AB0BF;
			remoteInfo = kaiseki;
		};
		F341B0F81E9047A8007AB0BF /* PBXContainerItemProxy */ = {
			isa = PBXContainerItemProxy;
			containerPortal = F341B0D01E9047A8007AB0BF /* Project object */;
			proxyType = 1;
			remoteGlobalIDString = F341B0D71E9047A8007AB0BF;
			remoteInfo = kaiseki;
		};
/* End PBXContainerItemProxy section */

/* Begin PBXFileReference section */
		1FDCA670EF6D25954F76A583 /* Pods-kaisekiUITests.debug.xcconfig */ = {isa = PBXFileReference; includeInIndex = 1; lastKnownFileType = text.xcconfig; name = "Pods-kaisekiUITests.debug.xcconfig"; path = "Pods/Target Support Files/Pods-kaisekiUITests/Pods-kaisekiUITests.debug.xcconfig"; sourceTree = "<group>"; };
		549E8ED6A44BA7C7F1FFD95B /* Pods_kaisekiTests.framework */ = {isa = PBXFileReference; explicitFileType = wrapper.framework; includeInIndex = 0; path = Pods_kaisekiTests.framework; sourceTree = BUILT_PRODUCTS_DIR; };
		57EF074D924F714092EB2193 /* Pods-kaisekiUITests.release.xcconfig */ = {isa = PBXFileReference; includeInIndex = 1; lastKnownFileType = text.xcconfig; name = "Pods-kaisekiUITests.release.xcconfig"; path = "Pods/Target Support Files/Pods-kaisekiUITests/Pods-kaisekiUITests.release.xcconfig"; sourceTree = "<group>"; };
		87379CDC1FFBEADDA3CB6165 /* Pods-kaisekiTests.release.xcconfig */ = {isa = PBXFileReference; includeInIndex = 1; lastKnownFileType = text.xcconfig; name = "Pods-kaisekiTests.release.xcconfig"; path = "Pods/Target Support Files/Pods-kaisekiTests/Pods-kaisekiTests.release.xcconfig"; sourceTree = "<group>"; };
		8A87A8495F841D5C00ED96C2 /* Pods_kaisekiUITests.framework */ = {isa = PBXFileReference; explicitFileType = wrapper.framework; includeInIndex = 0; path = Pods_kaisekiUITests.framework; sourceTree = BUILT_PRODUCTS_DIR; };
		B41DA75EEB8D685CD3F4AAEB /* Pods-kaisekiTests.debug.xcconfig */ = {isa = PBXFileReference; includeInIndex = 1; lastKnownFileType = text.xcconfig; name = "Pods-kaisekiTests.debug.xcconfig"; path = "Pods/Target Support Files/Pods-kaisekiTests/Pods-kaisekiTests.debug.xcconfig"; sourceTree = "<group>"; };
		C9E4DA5DA6ACCBC5A5165625 /* Pods-kaiseki.debug.xcconfig */ = {isa = PBXFileReference; includeInIndex = 1; lastKnownFileType = text.xcconfig; name = "Pods-kaiseki.debug.xcconfig"; path = "Pods/Target Support Files/Pods-kaiseki/Pods-kaiseki.debug.xcconfig"; sourceTree = "<group>"; };
		CB4B2A31A1BEC13491C11F74 /* Pods_kaiseki.framework */ = {isa = PBXFileReference; explicitFileType = wrapper.framework; includeInIndex = 0; path = Pods_kaiseki.framework; sourceTree = BUILT_PRODUCTS_DIR; };
		D7A51CAAB3C21733927D351A /* Pods-kaiseki.release.xcconfig */ = {isa = PBXFileReference; includeInIndex = 1; lastKnownFileType = text.xcconfig; name = "Pods-kaiseki.release.xcconfig"; path = "Pods/Target Support Files/Pods-kaiseki/Pods-kaiseki.release.xcconfig"; sourceTree = "<group>"; };
		F300C1A51EAC44AB00D58005 /* ThreadTableViewCell.swift */ = {isa = PBXFileReference; fileEncoding = 4; lastKnownFileType = sourcecode.swift; path = ThreadTableViewCell.swift; sourceTree = "<group>"; };
		F300C1A61EAC44AB00D58005 /* ThreadTableViewCell.xib */ = {isa = PBXFileReference; fileEncoding = 4; lastKnownFileType = file.xib; path = ThreadTableViewCell.xib; sourceTree = "<group>"; };
		F30F4C921EBE6FC7007F0800 /* TitleView.swift */ = {isa = PBXFileReference; fileEncoding = 4; lastKnownFileType = sourcecode.swift; path = TitleView.swift; sourceTree = "<group>"; };
		F30F4C961EBE7007007F0800 /* TitleView.xib */ = {isa = PBXFileReference; fileEncoding = 4; lastKnownFileType = file.xib; path = TitleView.xib; sourceTree = "<group>"; };
		F31AA7CD1EA434C9005DB6EE /* Thread.swift */ = {isa = PBXFileReference; fileEncoding = 4; lastKnownFileType = sourcecode.swift; path = Thread.swift; sourceTree = "<group>"; };
		F31AA7CF1EA45AD9005DB6EE /* ThreadViewController.swift */ = {isa = PBXFileReference; fileEncoding = 4; lastKnownFileType = sourcecode.swift; path = ThreadViewController.swift; sourceTree = "<group>"; };
		F341B0D81E9047A8007AB0BF /* kaiseki.app */ = {isa = PBXFileReference; explicitFileType = wrapper.application; includeInIndex = 0; path = kaiseki.app; sourceTree = BUILT_PRODUCTS_DIR; };
		F341B0DB1E9047A8007AB0BF /* AppDelegate.swift */ = {isa = PBXFileReference; lastKnownFileType = sourcecode.swift; path = AppDelegate.swift; sourceTree = "<group>"; };
		F341B0E21E9047A8007AB0BF /* Assets.xcassets */ = {isa = PBXFileReference; lastKnownFileType = folder.assetcatalog; path = Assets.xcassets; sourceTree = "<group>"; };
		F341B0E51E9047A8007AB0BF /* Base */ = {isa = PBXFileReference; lastKnownFileType = file.storyboard; name = Base; path = Base.lproj/LaunchScreen.storyboard; sourceTree = "<group>"; };
		F341B0E71E9047A8007AB0BF /* Info.plist */ = {isa = PBXFileReference; lastKnownFileType = text.plist.xml; path = Info.plist; sourceTree = "<group>"; };
		F341B0EC1E9047A8007AB0BF /* kaisekiTests.xctest */ = {isa = PBXFileReference; explicitFileType = wrapper.cfbundle; includeInIndex = 0; path = kaisekiTests.xctest; sourceTree = BUILT_PRODUCTS_DIR; };
		F341B0F01E9047A8007AB0BF /* kaisekiTests.swift */ = {isa = PBXFileReference; lastKnownFileType = sourcecode.swift; path = kaisekiTests.swift; sourceTree = "<group>"; };
		F341B0F21E9047A8007AB0BF /* Info.plist */ = {isa = PBXFileReference; lastKnownFileType = text.plist.xml; path = Info.plist; sourceTree = "<group>"; };
		F341B0F71E9047A8007AB0BF /* kaisekiUITests.xctest */ = {isa = PBXFileReference; explicitFileType = wrapper.cfbundle; includeInIndex = 0; path = kaisekiUITests.xctest; sourceTree = BUILT_PRODUCTS_DIR; };
		F341B0FB1E9047A8007AB0BF /* kaisekiUITests.swift */ = {isa = PBXFileReference; lastKnownFileType = sourcecode.swift; path = kaisekiUITests.swift; sourceTree = "<group>"; };
		F341B0FD1E9047A8007AB0BF /* Info.plist */ = {isa = PBXFileReference; lastKnownFileType = text.plist.xml; path = Info.plist; sourceTree = "<group>"; };
		F341B1091E9047B1007AB0BF /* GoogleService-Info.plist */ = {isa = PBXFileReference; fileEncoding = 4; lastKnownFileType = text.plist.xml; path = "GoogleService-Info.plist"; sourceTree = "<group>"; };
		F341B10B1E904C76007AB0BF /* HomeViewController.swift */ = {isa = PBXFileReference; fileEncoding = 4; lastKnownFileType = sourcecode.swift; path = HomeViewController.swift; sourceTree = "<group>"; };
		F342EDE41E9B187D00A6C713 /* kaiseki-Bridging-Header.h */ = {isa = PBXFileReference; lastKnownFileType = sourcecode.c.h; path = "kaiseki-Bridging-Header.h"; sourceTree = "<group>"; };
		F342EDE51E9B187E00A6C713 /* iCarousel.h */ = {isa = PBXFileReference; fileEncoding = 4; lastKnownFileType = sourcecode.c.h; path = iCarousel.h; sourceTree = "<group>"; };
		F342EDE61E9B187E00A6C713 /* iCarousel.m */ = {isa = PBXFileReference; fileEncoding = 4; lastKnownFileType = sourcecode.c.objc; path = iCarousel.m; sourceTree = "<group>"; };
		F342EDEB1EA2C1C400A6C713 /* User.swift */ = {isa = PBXFileReference; fileEncoding = 4; lastKnownFileType = sourcecode.swift; path = User.swift; sourceTree = "<group>"; };
		F342EDEE1EA2C1EF00A6C713 /* Post.swift */ = {isa = PBXFileReference; fileEncoding = 4; lastKnownFileType = sourcecode.swift; path = Post.swift; sourceTree = "<group>"; };
		F342EDF41EA2C9D700A6C713 /* CoverView.xib */ = {isa = PBXFileReference; fileEncoding = 4; lastKnownFileType = file.xib; path = CoverView.xib; sourceTree = "<group>"; };
		F342EDF61EA2CA6D00A6C713 /* CoverView.swift */ = {isa = PBXFileReference; fileEncoding = 4; lastKnownFileType = sourcecode.swift; path = CoverView.swift; sourceTree = "<group>"; };
/* End PBXFileReference section */

/* Begin PBXFrameworksBuildPhase section */
		F341B0D51E9047A8007AB0BF /* Frameworks */ = {
			isa = PBXFrameworksBuildPhase;
			buildActionMask = 2147483647;
			files = (
				8782D0C1AC4B761ECA7868EE /* Pods_kaiseki.framework in Frameworks */,
			);
			runOnlyForDeploymentPostprocessing = 0;
		};
		F341B0E91E9047A8007AB0BF /* Frameworks */ = {
			isa = PBXFrameworksBuildPhase;
			buildActionMask = 2147483647;
			files = (
				BFBFAF2ED934A980505D26FE /* Pods_kaisekiTests.framework in Frameworks */,
			);
			runOnlyForDeploymentPostprocessing = 0;
		};
		F341B0F41E9047A8007AB0BF /* Frameworks */ = {
			isa = PBXFrameworksBuildPhase;
			buildActionMask = 2147483647;
			files = (
				0A029FF2F1E867912AD71618 /* Pods_kaisekiUITests.framework in Frameworks */,
			);
			runOnlyForDeploymentPostprocessing = 0;
		};
/* End PBXFrameworksBuildPhase section */

/* Begin PBXGroup section */
		ACCB89BDB6CE2A735EB26502 /* Frameworks */ = {
			isa = PBXGroup;
			children = (
				CB4B2A31A1BEC13491C11F74 /* Pods_kaiseki.framework */,
				549E8ED6A44BA7C7F1FFD95B /* Pods_kaisekiTests.framework */,
				8A87A8495F841D5C00ED96C2 /* Pods_kaisekiUITests.framework */,
			);
			name = Frameworks;
			sourceTree = "<group>";
		};
		BEB27DD9373FC5ED9070480E /* Pods */ = {
			isa = PBXGroup;
			children = (
				C9E4DA5DA6ACCBC5A5165625 /* Pods-kaiseki.debug.xcconfig */,
				D7A51CAAB3C21733927D351A /* Pods-kaiseki.release.xcconfig */,
				B41DA75EEB8D685CD3F4AAEB /* Pods-kaisekiTests.debug.xcconfig */,
				87379CDC1FFBEADDA3CB6165 /* Pods-kaisekiTests.release.xcconfig */,
				1FDCA670EF6D25954F76A583 /* Pods-kaisekiUITests.debug.xcconfig */,
				57EF074D924F714092EB2193 /* Pods-kaisekiUITests.release.xcconfig */,
			);
			name = Pods;
			sourceTree = "<group>";
		};
		F300C1A91EAC44B200D58005 /* Table Cells */ = {
			isa = PBXGroup;
			children = (
				F300C1A51EAC44AB00D58005 /* ThreadTableViewCell.swift */,
				F300C1A61EAC44AB00D58005 /* ThreadTableViewCell.xib */,
			);
			name = "Table Cells";
			sourceTree = "<group>";
		};
		F341B0CF1E9047A8007AB0BF = {
			isa = PBXGroup;
			children = (
				F341B0DA1E9047A8007AB0BF /* kaiseki */,
				F341B0EF1E9047A8007AB0BF /* kaisekiTests */,
				F341B0FA1E9047A8007AB0BF /* kaisekiUITests */,
				F341B0D91E9047A8007AB0BF /* Products */,
				BEB27DD9373FC5ED9070480E /* Pods */,
				ACCB89BDB6CE2A735EB26502 /* Frameworks */,
			);
			sourceTree = "<group>";
		};
		F341B0D91E9047A8007AB0BF /* Products */ = {
			isa = PBXGroup;
			children = (
				F341B0D81E9047A8007AB0BF /* kaiseki.app */,
				F341B0EC1E9047A8007AB0BF /* kaisekiTests.xctest */,
				F341B0F71E9047A8007AB0BF /* kaisekiUITests.xctest */,
			);
			name = Products;
			sourceTree = "<group>";
		};
		F341B0DA1E9047A8007AB0BF /* kaiseki */ = {
			isa = PBXGroup;
			children = (
				F341B0DB1E9047A8007AB0BF /* AppDelegate.swift */,
				F342EDED1EA2C1CB00A6C713 /* Models */,
				F342EDEA1EA2C1A400A6C713 /* View Controllers */,
				F342EDF81EA2CA7300A6C713 /* Views */,
				F300C1A91EAC44B200D58005 /* Table Cells */,
				F341B0E21E9047A8007AB0BF /* Assets.xcassets */,
				F341B0E41E9047A8007AB0BF /* LaunchScreen.storyboard */,
				F342EDE51E9B187E00A6C713 /* iCarousel.h */,
				F342EDE61E9B187E00A6C713 /* iCarousel.m */,
				F341B0E71E9047A8007AB0BF /* Info.plist */,
				F341B1091E9047B1007AB0BF /* GoogleService-Info.plist */,
				F342EDE41E9B187D00A6C713 /* kaiseki-Bridging-Header.h */,
			);
			path = kaiseki;
			sourceTree = "<group>";
		};
		F341B0EF1E9047A8007AB0BF /* kaisekiTests */ = {
			isa = PBXGroup;
			children = (
				F341B0F01E9047A8007AB0BF /* kaisekiTests.swift */,
				F341B0F21E9047A8007AB0BF /* Info.plist */,
			);
			path = kaisekiTests;
			sourceTree = "<group>";
		};
		F341B0FA1E9047A8007AB0BF /* kaisekiUITests */ = {
			isa = PBXGroup;
			children = (
				F341B0FB1E9047A8007AB0BF /* kaisekiUITests.swift */,
				F341B0FD1E9047A8007AB0BF /* Info.plist */,
			);
			path = kaisekiUITests;
			sourceTree = "<group>";
		};
		F342EDEA1EA2C1A400A6C713 /* View Controllers */ = {
			isa = PBXGroup;
			children = (
				F341B10B1E904C76007AB0BF /* HomeViewController.swift */,
				F31AA7CF1EA45AD9005DB6EE /* ThreadViewController.swift */,
			);
			name = "View Controllers";
			sourceTree = "<group>";
		};
		F342EDED1EA2C1CB00A6C713 /* Models */ = {
			isa = PBXGroup;
			children = (
				F342EDEB1EA2C1C400A6C713 /* User.swift */,
				F342EDEE1EA2C1EF00A6C713 /* Post.swift */,
				F31AA7CD1EA434C9005DB6EE /* Thread.swift */,
			);
			name = Models;
			sourceTree = "<group>";
		};
		F342EDF81EA2CA7300A6C713 /* Views */ = {
			isa = PBXGroup;
			children = (
				F342EDF61EA2CA6D00A6C713 /* CoverView.swift */,
				F342EDF41EA2C9D700A6C713 /* CoverView.xib */,
				F30F4C921EBE6FC7007F0800 /* TitleView.swift */,
				F30F4C961EBE7007007F0800 /* TitleView.xib */,
			);
			name = Views;
			sourceTree = "<group>";
		};
/* End PBXGroup section */

/* Begin PBXNativeTarget section */
		F341B0D71E9047A8007AB0BF /* kaiseki */ = {
			isa = PBXNativeTarget;
			buildConfigurationList = F341B1001E9047A8007AB0BF /* Build configuration list for PBXNativeTarget "kaiseki" */;
			buildPhases = (
				751DAA9F7B7467EC39C74F31 /* [CP] Check Pods Manifest.lock */,
				F341B0D41E9047A8007AB0BF /* Sources */,
				F341B0D51E9047A8007AB0BF /* Frameworks */,
				F341B0D61E9047A8007AB0BF /* Resources */,
				0299A72329A7BE18FBD2DEA0 /* [CP] Embed Pods Frameworks */,
				820EC70DF855F5DD48AB8138 /* [CP] Copy Pods Resources */,
			);
			buildRules = (
			);
			dependencies = (
			);
			name = kaiseki;
			productName = kaiseki;
			productReference = F341B0D81E9047A8007AB0BF /* kaiseki.app */;
			productType = "com.apple.product-type.application";
		};
		F341B0EB1E9047A8007AB0BF /* kaisekiTests */ = {
			isa = PBXNativeTarget;
			buildConfigurationList = F341B1031E9047A8007AB0BF /* Build configuration list for PBXNativeTarget "kaisekiTests" */;
			buildPhases = (
				030E0F37F07958CB191042EF /* [CP] Check Pods Manifest.lock */,
				F341B0E81E9047A8007AB0BF /* Sources */,
				F341B0E91E9047A8007AB0BF /* Frameworks */,
				F341B0EA1E9047A8007AB0BF /* Resources */,
				126AF53F37638151EFBB7F59 /* [CP] Embed Pods Frameworks */,
				795A8762A2636A0983285A3A /* [CP] Copy Pods Resources */,
			);
			buildRules = (
			);
			dependencies = (
				F341B0EE1E9047A8007AB0BF /* PBXTargetDependency */,
			);
			name = kaisekiTests;
			productName = kaisekiTests;
			productReference = F341B0EC1E9047A8007AB0BF /* kaisekiTests.xctest */;
			productType = "com.apple.product-type.bundle.unit-test";
		};
		F341B0F61E9047A8007AB0BF /* kaisekiUITests */ = {
			isa = PBXNativeTarget;
			buildConfigurationList = F341B1061E9047A8007AB0BF /* Build configuration list for PBXNativeTarget "kaisekiUITests" */;
			buildPhases = (
				EB342C8B2989181B4D164F1E /* [CP] Check Pods Manifest.lock */,
				F341B0F31E9047A8007AB0BF /* Sources */,
				F341B0F41E9047A8007AB0BF /* Frameworks */,
				F341B0F51E9047A8007AB0BF /* Resources */,
				00269FEF031A0DE501046E84 /* [CP] Embed Pods Frameworks */,
				752F7DF136C59D09666526BE /* [CP] Copy Pods Resources */,
			);
			buildRules = (
			);
			dependencies = (
				F341B0F91E9047A8007AB0BF /* PBXTargetDependency */,
			);
			name = kaisekiUITests;
			productName = kaisekiUITests;
			productReference = F341B0F71E9047A8007AB0BF /* kaisekiUITests.xctest */;
			productType = "com.apple.product-type.bundle.ui-testing";
		};
/* End PBXNativeTarget section */

/* Begin PBXProject section */
		F341B0D01E9047A8007AB0BF /* Project object */ = {
			isa = PBXProject;
			attributes = {
				LastSwiftUpdateCheck = 0830;
				LastUpgradeCheck = 0830;
				ORGANIZATIONNAME = "Ed Chao";
				TargetAttributes = {
					F341B0D71E9047A8007AB0BF = {
						CreatedOnToolsVersion = 8.3;
						LastSwiftMigration = 0830;
						ProvisioningStyle = Automatic;
					};
					F341B0EB1E9047A8007AB0BF = {
						CreatedOnToolsVersion = 8.3;
						ProvisioningStyle = Automatic;
						TestTargetID = F341B0D71E9047A8007AB0BF;
					};
					F341B0F61E9047A8007AB0BF = {
						CreatedOnToolsVersion = 8.3;
						ProvisioningStyle = Automatic;
						TestTargetID = F341B0D71E9047A8007AB0BF;
					};
				};
			};
			buildConfigurationList = F341B0D31E9047A8007AB0BF /* Build configuration list for PBXProject "kaiseki" */;
			compatibilityVersion = "Xcode 3.2";
			developmentRegion = English;
			hasScannedForEncodings = 0;
			knownRegions = (
				en,
				Base,
			);
			mainGroup = F341B0CF1E9047A8007AB0BF;
			productRefGroup = F341B0D91E9047A8007AB0BF /* Products */;
			projectDirPath = "";
			projectRoot = "";
			targets = (
				F341B0D71E9047A8007AB0BF /* kaiseki */,
				F341B0EB1E9047A8007AB0BF /* kaisekiTests */,
				F341B0F61E9047A8007AB0BF /* kaisekiUITests */,
			);
		};
/* End PBXProject section */

/* Begin PBXResourcesBuildPhase section */
		F341B0D61E9047A8007AB0BF /* Resources */ = {
			isa = PBXResourcesBuildPhase;
			buildActionMask = 2147483647;
			files = (
				F342EDF51EA2C9D700A6C713 /* CoverView.xib in Resources */,
				F341B0E61E9047A8007AB0BF /* LaunchScreen.storyboard in Resources */,
				F341B10A1E9047B1007AB0BF /* GoogleService-Info.plist in Resources */,
				F341B0E31E9047A8007AB0BF /* Assets.xcassets in Resources */,
				F300C1A81EAC44AB00D58005 /* ThreadTableViewCell.xib in Resources */,
				F30F4C971EBE7007007F0800 /* TitleView.xib in Resources */,
			);
			runOnlyForDeploymentPostprocessing = 0;
		};
		F341B0EA1E9047A8007AB0BF /* Resources */ = {
			isa = PBXResourcesBuildPhase;
			buildActionMask = 2147483647;
			files = (
			);
			runOnlyForDeploymentPostprocessing = 0;
		};
		F341B0F51E9047A8007AB0BF /* Resources */ = {
			isa = PBXResourcesBuildPhase;
			buildActionMask = 2147483647;
			files = (
			);
			runOnlyForDeploymentPostprocessing = 0;
		};
/* End PBXResourcesBuildPhase section */

/* Begin PBXShellScriptBuildPhase section */
		00269FEF031A0DE501046E84 /* [CP] Embed Pods Frameworks */ = {
			isa = PBXShellScriptBuildPhase;
			buildActionMask = 2147483647;
			files = (
			);
			inputPaths = (
			);
			name = "[CP] Embed Pods Frameworks";
			outputPaths = (
			);
			runOnlyForDeploymentPostprocessing = 0;
			shellPath = /bin/sh;
			shellScript = "\"${SRCROOT}/Pods/Target Support Files/Pods-kaisekiUITests/Pods-kaisekiUITests-frameworks.sh\"\n";
			showEnvVarsInLog = 0;
		};
		0299A72329A7BE18FBD2DEA0 /* [CP] Embed Pods Frameworks */ = {
			isa = PBXShellScriptBuildPhase;
			buildActionMask = 2147483647;
			files = (
			);
			inputPaths = (
			);
			name = "[CP] Embed Pods Frameworks";
			outputPaths = (
			);
			runOnlyForDeploymentPostprocessing = 0;
			shellPath = /bin/sh;
			shellScript = "\"${SRCROOT}/Pods/Target Support Files/Pods-kaiseki/Pods-kaiseki-frameworks.sh\"\n";
			showEnvVarsInLog = 0;
		};
		030E0F37F07958CB191042EF /* [CP] Check Pods Manifest.lock */ = {
			isa = PBXShellScriptBuildPhase;
			buildActionMask = 2147483647;
			files = (
			);
			inputPaths = (
			);
			name = "[CP] Check Pods Manifest.lock";
			outputPaths = (
			);
			runOnlyForDeploymentPostprocessing = 0;
			shellPath = /bin/sh;
			shellScript = "diff \"${PODS_ROOT}/../Podfile.lock\" \"${PODS_ROOT}/Manifest.lock\" > /dev/null\nif [ $? != 0 ] ; then\n    # print error to STDERR\n    echo \"error: The sandbox is not in sync with the Podfile.lock. Run 'pod install' or update your CocoaPods installation.\" >&2\n    exit 1\nfi\n";
			showEnvVarsInLog = 0;
		};
		126AF53F37638151EFBB7F59 /* [CP] Embed Pods Frameworks */ = {
			isa = PBXShellScriptBuildPhase;
			buildActionMask = 2147483647;
			files = (
			);
			inputPaths = (
			);
			name = "[CP] Embed Pods Frameworks";
			outputPaths = (
			);
			runOnlyForDeploymentPostprocessing = 0;
			shellPath = /bin/sh;
			shellScript = "\"${SRCROOT}/Pods/Target Support Files/Pods-kaisekiTests/Pods-kaisekiTests-frameworks.sh\"\n";
			showEnvVarsInLog = 0;
		};
		751DAA9F7B7467EC39C74F31 /* [CP] Check Pods Manifest.lock */ = {
			isa = PBXShellScriptBuildPhase;
			buildActionMask = 2147483647;
			files = (
			);
			inputPaths = (
			);
			name = "[CP] Check Pods Manifest.lock";
			outputPaths = (
			);
			runOnlyForDeploymentPostprocessing = 0;
			shellPath = /bin/sh;
			shellScript = "diff \"${PODS_ROOT}/../Podfile.lock\" \"${PODS_ROOT}/Manifest.lock\" > /dev/null\nif [ $? != 0 ] ; then\n    # print error to STDERR\n    echo \"error: The sandbox is not in sync with the Podfile.lock. Run 'pod install' or update your CocoaPods installation.\" >&2\n    exit 1\nfi\n";
			showEnvVarsInLog = 0;
		};
		752F7DF136C59D09666526BE /* [CP] Copy Pods Resources */ = {
			isa = PBXShellScriptBuildPhase;
			buildActionMask = 2147483647;
			files = (
			);
			inputPaths = (
			);
			name = "[CP] Copy Pods Resources";
			outputPaths = (
			);
			runOnlyForDeploymentPostprocessing = 0;
			shellPath = /bin/sh;
			shellScript = "\"${SRCROOT}/Pods/Target Support Files/Pods-kaisekiUITests/Pods-kaisekiUITests-resources.sh\"\n";
			showEnvVarsInLog = 0;
		};
		795A8762A2636A0983285A3A /* [CP] Copy Pods Resources */ = {
			isa = PBXShellScriptBuildPhase;
			buildActionMask = 2147483647;
			files = (
			);
			inputPaths = (
			);
			name = "[CP] Copy Pods Resources";
			outputPaths = (
			);
			runOnlyForDeploymentPostprocessing = 0;
			shellPath = /bin/sh;
			shellScript = "\"${SRCROOT}/Pods/Target Support Files/Pods-kaisekiTests/Pods-kaisekiTests-resources.sh\"\n";
			showEnvVarsInLog = 0;
		};
		820EC70DF855F5DD48AB8138 /* [CP] Copy Pods Resources */ = {
			isa = PBXShellScriptBuildPhase;
			buildActionMask = 2147483647;
			files = (
			);
			inputPaths = (
			);
			name = "[CP] Copy Pods Resources";
			outputPaths = (
			);
			runOnlyForDeploymentPostprocessing = 0;
			shellPath = /bin/sh;
			shellScript = "\"${SRCROOT}/Pods/Target Support Files/Pods-kaiseki/Pods-kaiseki-resources.sh\"\n";
			showEnvVarsInLog = 0;
		};
		EB342C8B2989181B4D164F1E /* [CP] Check Pods Manifest.lock */ = {
			isa = PBXShellScriptBuildPhase;
			buildActionMask = 2147483647;
			files = (
			);
			inputPaths = (
			);
			name = "[CP] Check Pods Manifest.lock";
			outputPaths = (
			);
			runOnlyForDeploymentPostprocessing = 0;
			shellPath = /bin/sh;
			shellScript = "diff \"${PODS_ROOT}/../Podfile.lock\" \"${PODS_ROOT}/Manifest.lock\" > /dev/null\nif [ $? != 0 ] ; then\n    # print error to STDERR\n    echo \"error: The sandbox is not in sync with the Podfile.lock. Run 'pod install' or update your CocoaPods installation.\" >&2\n    exit 1\nfi\n";
			showEnvVarsInLog = 0;
		};
/* End PBXShellScriptBuildPhase section */

/* Begin PBXSourcesBuildPhase section */
		F341B0D41E9047A8007AB0BF /* Sources */ = {
			isa = PBXSourcesBuildPhase;
			buildActionMask = 2147483647;
			files = (
				F342EDEC1EA2C1C400A6C713 /* User.swift in Sources */,
				F342EDE71E9B187E00A6C713 /* iCarousel.m in Sources */,
				F300C1A71EAC44AB00D58005 /* ThreadTableViewCell.swift in Sources */,
				F342EDF71EA2CA6D00A6C713 /* CoverView.swift in Sources */,
				F341B0DC1E9047A8007AB0BF /* AppDelegate.swift in Sources */,
				F31AA7D01EA45AD9005DB6EE /* ThreadViewController.swift in Sources */,
				F341B10C1E904C76007AB0BF /* HomeViewController.swift in Sources */,
				F31AA7CE1EA434C9005DB6EE /* Thread.swift in Sources */,
				F342EDEF1EA2C1EF00A6C713 /* Post.swift in Sources */,
				F30F4C931EBE6FC7007F0800 /* TitleView.swift in Sources */,
			);
			runOnlyForDeploymentPostprocessing = 0;
		};
		F341B0E81E9047A8007AB0BF /* Sources */ = {
			isa = PBXSourcesBuildPhase;
			buildActionMask = 2147483647;
			files = (
				F341B0F11E9047A8007AB0BF /* kaisekiTests.swift in Sources */,
			);
			runOnlyForDeploymentPostprocessing = 0;
		};
		F341B0F31E9047A8007AB0BF /* Sources */ = {
			isa = PBXSourcesBuildPhase;
			buildActionMask = 2147483647;
			files = (
				F341B0FC1E9047A8007AB0BF /* kaisekiUITests.swift in Sources */,
			);
			runOnlyForDeploymentPostprocessing = 0;
		};
/* End PBXSourcesBuildPhase section */

/* Begin PBXTargetDependency section */
		F341B0EE1E9047A8007AB0BF /* PBXTargetDependency */ = {
			isa = PBXTargetDependency;
			target = F341B0D71E9047A8007AB0BF /* kaiseki */;
			targetProxy = F341B0ED1E9047A8007AB0BF /* PBXContainerItemProxy */;
		};
		F341B0F91E9047A8007AB0BF /* PBXTargetDependency */ = {
			isa = PBXTargetDependency;
			target = F341B0D71E9047A8007AB0BF /* kaiseki */;
			targetProxy = F341B0F81E9047A8007AB0BF /* PBXContainerItemProxy */;
		};
/* End PBXTargetDependency section */

/* Begin PBXVariantGroup section */
		F341B0E41E9047A8007AB0BF /* LaunchScreen.storyboard */ = {
			isa = PBXVariantGroup;
			children = (
				F341B0E51E9047A8007AB0BF /* Base */,
			);
			name = LaunchScreen.storyboard;
			sourceTree = "<group>";
		};
/* End PBXVariantGroup section */

/* Begin XCBuildConfiguration section */
		F341B0FE1E9047A8007AB0BF /* Debug */ = {
			isa = XCBuildConfiguration;
			buildSettings = {
				ALWAYS_SEARCH_USER_PATHS = NO;
				CLANG_ANALYZER_NONNULL = YES;
				CLANG_ANALYZER_NUMBER_OBJECT_CONVERSION = YES_AGGRESSIVE;
				CLANG_CXX_LANGUAGE_STANDARD = "gnu++0x";
				CLANG_CXX_LIBRARY = "libc++";
				CLANG_ENABLE_MODULES = YES;
				CLANG_ENABLE_OBJC_ARC = YES;
				CLANG_WARN_BOOL_CONVERSION = YES;
				CLANG_WARN_CONSTANT_CONVERSION = YES;
				CLANG_WARN_DIRECT_OBJC_ISA_USAGE = YES_ERROR;
				CLANG_WARN_DOCUMENTATION_COMMENTS = YES;
				CLANG_WARN_EMPTY_BODY = YES;
				CLANG_WARN_ENUM_CONVERSION = YES;
				CLANG_WARN_INFINITE_RECURSION = YES;
				CLANG_WARN_INT_CONVERSION = YES;
				CLANG_WARN_OBJC_ROOT_CLASS = YES_ERROR;
				CLANG_WARN_SUSPICIOUS_MOVE = YES;
				CLANG_WARN_UNREACHABLE_CODE = YES;
				CLANG_WARN__DUPLICATE_METHOD_MATCH = YES;
				"CODE_SIGN_IDENTITY[sdk=iphoneos*]" = "iPhone Developer";
				COPY_PHASE_STRIP = NO;
				DEBUG_INFORMATION_FORMAT = dwarf;
				ENABLE_STRICT_OBJC_MSGSEND = YES;
				ENABLE_TESTABILITY = YES;
				GCC_C_LANGUAGE_STANDARD = gnu99;
				GCC_DYNAMIC_NO_PIC = NO;
				GCC_NO_COMMON_BLOCKS = YES;
				GCC_OPTIMIZATION_LEVEL = 0;
				GCC_PREPROCESSOR_DEFINITIONS = (
					"DEBUG=1",
					"$(inherited)",
				);
				GCC_WARN_64_TO_32_BIT_CONVERSION = YES;
				GCC_WARN_ABOUT_RETURN_TYPE = YES_ERROR;
				GCC_WARN_UNDECLARED_SELECTOR = YES;
				GCC_WARN_UNINITIALIZED_AUTOS = YES_AGGRESSIVE;
				GCC_WARN_UNUSED_FUNCTION = YES;
				GCC_WARN_UNUSED_VARIABLE = YES;
				IPHONEOS_DEPLOYMENT_TARGET = 10.3;
				MTL_ENABLE_DEBUG_INFO = YES;
				ONLY_ACTIVE_ARCH = YES;
				SDKROOT = iphoneos;
				SWIFT_ACTIVE_COMPILATION_CONDITIONS = DEBUG;
				SWIFT_OPTIMIZATION_LEVEL = "-Onone";
				TARGETED_DEVICE_FAMILY = "1,2";
			};
			name = Debug;
		};
		F341B0FF1E9047A8007AB0BF /* Release */ = {
			isa = XCBuildConfiguration;
			buildSettings = {
				ALWAYS_SEARCH_USER_PATHS = NO;
				CLANG_ANALYZER_NONNULL = YES;
				CLANG_ANALYZER_NUMBER_OBJECT_CONVERSION = YES_AGGRESSIVE;
				CLANG_CXX_LANGUAGE_STANDARD = "gnu++0x";
				CLANG_CXX_LIBRARY = "libc++";
				CLANG_ENABLE_MODULES = YES;
				CLANG_ENABLE_OBJC_ARC = YES;
				CLANG_WARN_BOOL_CONVERSION = YES;
				CLANG_WARN_CONSTANT_CONVERSION = YES;
				CLANG_WARN_DIRECT_OBJC_ISA_USAGE = YES_ERROR;
				CLANG_WARN_DOCUMENTATION_COMMENTS = YES;
				CLANG_WARN_EMPTY_BODY = YES;
				CLANG_WARN_ENUM_CONVERSION = YES;
				CLANG_WARN_INFINITE_RECURSION = YES;
				CLANG_WARN_INT_CONVERSION = YES;
				CLANG_WARN_OBJC_ROOT_CLASS = YES_ERROR;
				CLANG_WARN_SUSPICIOUS_MOVE = YES;
				CLANG_WARN_UNREACHABLE_CODE = YES;
				CLANG_WARN__DUPLICATE_METHOD_MATCH = YES;
				"CODE_SIGN_IDENTITY[sdk=iphoneos*]" = "iPhone Developer";
				COPY_PHASE_STRIP = NO;
				DEBUG_INFORMATION_FORMAT = "dwarf-with-dsym";
				ENABLE_NS_ASSERTIONS = NO;
				ENABLE_STRICT_OBJC_MSGSEND = YES;
				GCC_C_LANGUAGE_STANDARD = gnu99;
				GCC_NO_COMMON_BLOCKS = YES;
				GCC_WARN_64_TO_32_BIT_CONVERSION = YES;
				GCC_WARN_ABOUT_RETURN_TYPE = YES_ERROR;
				GCC_WARN_UNDECLARED_SELECTOR = YES;
				GCC_WARN_UNINITIALIZED_AUTOS = YES_AGGRESSIVE;
				GCC_WARN_UNUSED_FUNCTION = YES;
				GCC_WARN_UNUSED_VARIABLE = YES;
				IPHONEOS_DEPLOYMENT_TARGET = 10.3;
				MTL_ENABLE_DEBUG_INFO = NO;
				SDKROOT = iphoneos;
				SWIFT_OPTIMIZATION_LEVEL = "-Owholemodule";
				TARGETED_DEVICE_FAMILY = "1,2";
				VALIDATE_PRODUCT = YES;
			};
			name = Release;
		};
		F341B1011E9047A8007AB0BF /* Debug */ = {
			isa = XCBuildConfiguration;
			baseConfigurationReference = C9E4DA5DA6ACCBC5A5165625 /* Pods-kaiseki.debug.xcconfig */;
			buildSettings = {
				ASSETCATALOG_COMPILER_APPICON_NAME = AppIcon;
				CLANG_ENABLE_MODULES = YES;
				INFOPLIST_FILE = kaiseki/Info.plist;
				LD_RUNPATH_SEARCH_PATHS = "$(inherited) @executable_path/Frameworks";
				OTHER_LDFLAGS = (
					"$(inherited)",
					"-ObjC",
					"-l\"c++\"",
					"-l\"icucore\"",
					"-l\"sqlite3\"",
					"-l\"z\"",
					"-framework",
					"\"CFNetwork\"",
					"-framework",
					"\"FirebaseAnalytics\"",
					"-framework",
					"\"FirebaseAuth\"",
					"-framework",
					"\"FirebaseCore\"",
					"-framework",
					"\"FirebaseDatabase\"",
					"-framework",
					"\"FirebaseInstanceID\"",
					"-framework",
					"\"GTMSessionFetcher\"",
					"-framework",
					"\"GoogleToolboxForMac\"",
					"-framework",
					"\"Security\"",
					"-framework",
					"\"StoreKit\"",
					"-framework",
					"\"SystemConfiguration\"",
				);
				PRODUCT_BUNDLE_IDENTIFIER = com.edchao.kaiseki;
				PRODUCT_NAME = "$(TARGET_NAME)";
				SWIFT_OBJC_BRIDGING_HEADER = "kaiseki/kaiseki-Bridging-Header.h";
				SWIFT_OPTIMIZATION_LEVEL = "-Onone";
				SWIFT_VERSION = 3.0;
			};
			name = Debug;
		};
		F341B1021E9047A8007AB0BF /* Release */ = {
			isa = XCBuildConfiguration;
			baseConfigurationReference = D7A51CAAB3C21733927D351A /* Pods-kaiseki.release.xcconfig */;
			buildSettings = {
				ASSETCATALOG_COMPILER_APPICON_NAME = AppIcon;
				CLANG_ENABLE_MODULES = YES;
				INFOPLIST_FILE = kaiseki/Info.plist;
				LD_RUNPATH_SEARCH_PATHS = "$(inherited) @executable_path/Frameworks";
				OTHER_LDFLAGS = (
					"$(inherited)",
					"-ObjC",
					"-l\"c++\"",
					"-l\"icucore\"",
					"-l\"sqlite3\"",
					"-l\"z\"",
					"-framework",
					"\"CFNetwork\"",
					"-framework",
					"\"FirebaseAnalytics\"",
					"-framework",
					"\"FirebaseAuth\"",
					"-framework",
					"\"FirebaseCore\"",
					"-framework",
					"\"FirebaseDatabase\"",
					"-framework",
					"\"FirebaseInstanceID\"",
					"-framework",
					"\"GTMSessionFetcher\"",
					"-framework",
					"\"GoogleToolboxForMac\"",
					"-framework",
					"\"Security\"",
					"-framework",
					"\"StoreKit\"",
					"-framework",
					"\"SystemConfiguration\"",
				);
				PRODUCT_BUNDLE_IDENTIFIER = com.edchao.kaiseki;
				PRODUCT_NAME = "$(TARGET_NAME)";
				SWIFT_OBJC_BRIDGING_HEADER = "kaiseki/kaiseki-Bridging-Header.h";
				SWIFT_VERSION = 3.0;
			};
			name = Release;
		};
		F341B1041E9047A8007AB0BF /* Debug */ = {
			isa = XCBuildConfiguration;
			baseConfigurationReference = B41DA75EEB8D685CD3F4AAEB /* Pods-kaisekiTests.debug.xcconfig */;
			buildSettings = {
				ALWAYS_EMBED_SWIFT_STANDARD_LIBRARIES = YES;
				BUNDLE_LOADER = "$(TEST_HOST)";
				INFOPLIST_FILE = kaisekiTests/Info.plist;
				LD_RUNPATH_SEARCH_PATHS = "$(inherited) @executable_path/Frameworks @loader_path/Frameworks";
				PRODUCT_BUNDLE_IDENTIFIER = com.edchao.kaisekiTests;
				PRODUCT_NAME = "$(TARGET_NAME)";
				SWIFT_VERSION = 3.0;
				TEST_HOST = "$(BUILT_PRODUCTS_DIR)/kaiseki.app/kaiseki";
			};
			name = Debug;
		};
		F341B1051E9047A8007AB0BF /* Release */ = {
			isa = XCBuildConfiguration;
			baseConfigurationReference = 87379CDC1FFBEADDA3CB6165 /* Pods-kaisekiTests.release.xcconfig */;
			buildSettings = {
				ALWAYS_EMBED_SWIFT_STANDARD_LIBRARIES = YES;
				BUNDLE_LOADER = "$(TEST_HOST)";
				INFOPLIST_FILE = kaisekiTests/Info.plist;
				LD_RUNPATH_SEARCH_PATHS = "$(inherited) @executable_path/Frameworks @loader_path/Frameworks";
				PRODUCT_BUNDLE_IDENTIFIER = com.edchao.kaisekiTests;
				PRODUCT_NAME = "$(TARGET_NAME)";
				SWIFT_VERSION = 3.0;
				TEST_HOST = "$(BUILT_PRODUCTS_DIR)/kaiseki.app/kaiseki";
			};
			name = Release;
		};
		F341B1071E9047A8007AB0BF /* Debug */ = {
			isa = XCBuildConfiguration;
			baseConfigurationReference = 1FDCA670EF6D25954F76A583 /* Pods-kaisekiUITests.debug.xcconfig */;
			buildSettings = {
				ALWAYS_EMBED_SWIFT_STANDARD_LIBRARIES = YES;
				INFOPLIST_FILE = kaisekiUITests/Info.plist;
				LD_RUNPATH_SEARCH_PATHS = "$(inherited) @executable_path/Frameworks @loader_path/Frameworks";
				PRODUCT_BUNDLE_IDENTIFIER = com.edchao.kaisekiUITests;
				PRODUCT_NAME = "$(TARGET_NAME)";
				SWIFT_VERSION = 3.0;
				TEST_TARGET_NAME = kaiseki;
			};
			name = Debug;
		};
		F341B1081E9047A8007AB0BF /* Release */ = {
			isa = XCBuildConfiguration;
			baseConfigurationReference = 57EF074D924F714092EB2193 /* Pods-kaisekiUITests.release.xcconfig */;
			buildSettings = {
				ALWAYS_EMBED_SWIFT_STANDARD_LIBRARIES = YES;
				INFOPLIST_FILE = kaisekiUITests/Info.plist;
				LD_RUNPATH_SEARCH_PATHS = "$(inherited) @executable_path/Frameworks @loader_path/Frameworks";
				PRODUCT_BUNDLE_IDENTIFIER = com.edchao.kaisekiUITests;
				PRODUCT_NAME = "$(TARGET_NAME)";
				SWIFT_VERSION = 3.0;
				TEST_TARGET_NAME = kaiseki;
			};
			name = Release;
		};
/* End XCBuildConfiguration section */

/* Begin XCConfigurationList section */
		F341B0D31E9047A8007AB0BF /* Build configuration list for PBXProject "kaiseki" */ = {
			isa = XCConfigurationList;
			buildConfigurations = (
				F341B0FE1E9047A8007AB0BF /* Debug */,
				F341B0FF1E9047A8007AB0BF /* Release */,
			);
			defaultConfigurationIsVisible = 0;
			defaultConfigurationName = Release;
		};
		F341B1001E9047A8007AB0BF /* Build configuration list for PBXNativeTarget "kaiseki" */ = {
			isa = XCConfigurationList;
			buildConfigurations = (
				F341B1011E9047A8007AB0BF /* Debug */,
				F341B1021E9047A8007AB0BF /* Release */,
			);
			defaultConfigurationIsVisible = 0;
			defaultConfigurationName = Release;
		};
		F341B1031E9047A8007AB0BF /* Build configuration list for PBXNativeTarget "kaisekiTests" */ = {
			isa = XCConfigurationList;
			buildConfigurations = (
				F341B1041E9047A8007AB0BF /* Debug */,
				F341B1051E9047A8007AB0BF /* Release */,
			);
			defaultConfigurationIsVisible = 0;
			defaultConfigurationName = Release;
		};
		F341B1061E9047A8007AB0BF /* Build configuration list for PBXNativeTarget "kaisekiUITests" */ = {
			isa = XCConfigurationList;
			buildConfigurations = (
				F341B1071E9047A8007AB0BF /* Debug */,
				F341B1081E9047A8007AB0BF /* Release */,
			);
			defaultConfigurationIsVisible = 0;
			defaultConfigurationName = Release;
		};
/* End XCConfigurationList section */
	};
	rootObject = F341B0D01E9047A8007AB0BF /* Project object */;
}
